
Microsoft Visual Studio Solution File, Format Version 12.00
# Visual Studio Version 16
VisualStudioVersion = 16.0.30611.23
MinimumVisualStudioVersion = 10.0.40219.1
Project("{FAE04EC0-301F-11D3-BF4B-00C04F79EFBC}") = "11_02_21_prb", "11_02_21_prb.csproj", "{0B00216D-EF70-4613-B7F6-9B2ADB67E884}"
EndProject
Global
	GlobalSection(SolutionConfigurationPlatforms) = preSolution
		Debug|Any CPU = Debug|Any CPU
		Release|Any CPU = Release|Any CPU
	EndGlobalSection
	GlobalSection(ProjectConfigurationPlatforms) = postSolution
		{0B00216D-EF70-4613-B7F6-9B2ADB67E884}.Debug|Any CPU.ActiveCfg = Debug|Any CPU
		{0B00216D-EF70-4613-B7F6-9B2ADB67E884}.Debug|Any CPU.Build.0 = Debug|Any CPU
		{0B00216D-EF70-4613-B7F6-9B2ADB67E884}.Release|Any CPU.ActiveCfg = Release|Any CPU
		{0B00216D-EF70-4613-B7F6-9B2ADB67E884}.Release|Any CPU.Build.0 = Release|Any CPU
	EndGlobalSection
	GlobalSection(SolutionProperties) = preSolution
		HideSolutionNode = FALSE
	EndGlobalSection
	GlobalSection(ExtensibilityGlobals) = postSolution
		SolutionGuid = {30DB5742-1779-47A8-AD2D-0D79F379007D}
	EndGlobalSection
EndGlobal
